
Microsoft Visual Studio Solution File, Format Version 12.00
# Visual Studio Version 16
VisualStudioVersion = 16.0.31229.75
MinimumVisualStudioVersion = 10.0.40219.1
Project("{FAE04EC0-301F-11D3-BF4B-00C04F79EFBC}") = "FreeboxAPI", "FreeboxAPI\FreeboxAPI.csproj", "{B9EBD68C-1F12-4F1A-802E-1DD222AAE223}"
EndProject
Project("{FAE04EC0-301F-11D3-BF4B-00C04F79EFBC}") = "FreeboxAPIDebug", "FreeboxAPIDebug\FreeboxAPIDebug.csproj", "{545E536E-3993-43DD-BE92-95491C49AF9D}"
EndProject
Global
	GlobalSection(SolutionConfigurationPlatforms) = preSolution
		Debug|Any CPU = Debug|Any CPU
		Release|Any CPU = Release|Any CPU
	EndGlobalSection
	GlobalSection(ProjectConfigurationPlatforms) = postSolution
		{B9EBD68C-1F12-4F1A-802E-1DD222AAE223}.Debug|Any CPU.ActiveCfg = Debug|Any CPU
		{B9EBD68C-1F12-4F1A-802E-1DD222AAE223}.Debug|Any CPU.Build.0 = Debug|Any CPU
		{B9EBD68C-1F12-4F1A-802E-1DD222AAE223}.Release|Any CPU.ActiveCfg = Release|Any CPU
		{B9EBD68C-1F12-4F1A-802E-1DD222AAE223}.Release|Any CPU.Build.0 = Release|Any CPU
		{545E536E-3993-43DD-BE92-95491C49AF9D}.Debug|Any CPU.ActiveCfg = Debug|Any CPU
		{545E536E-3993-43DD-BE92-95491C49AF9D}.Debug|Any CPU.Build.0 = Debug|Any CPU
		{545E536E-3993-43DD-BE92-95491C49AF9D}.Release|Any CPU.ActiveCfg = Release|Any CPU
		{545E536E-3993-43DD-BE92-95491C49AF9D}.Release|Any CPU.Build.0 = Release|Any CPU
	EndGlobalSection
	GlobalSection(SolutionProperties) = preSolution
		HideSolutionNode = FALSE
	EndGlobalSection
	GlobalSection(ExtensibilityGlobals) = postSolution
		SolutionGuid = {E2C3BDE0-15A7-4753-85E5-1C9DFCADFB9A}
	EndGlobalSection
EndGlobal
